PODS:
  - IGListDiffKit (5.0.0)
  - IGListKit (5.0.0):
    - IGListDiffKit (= 5.0.0)
  - SnapKit (5.7.1)

DEPENDENCIES:
  - IGListKit (~> 5.0.0)
  - SnapKit (~> 5.7.0)

SPEC REPOS:
  trunk:
    - IGListDiffKit
    - IGListKit
    - SnapKit

SPEC CHECKSUMS:
  IGListDiffKit: 02d937d7e714d6f558771f284ed80668d483b522
  IGListKit: baf7e87b4c2262cd569c380e46ca5667a4a82c82
  SnapKit: d612e99e678a2d3b95bf60b0705ed0a35c03484a

PODFILE CHECKSUM: a6456ed37916990dbffe65994eff1f3841eea9c7

COCOAPODS: 1.15.2
